
Microsoft Visual Studio Solution File, Format Version 12.00
# Visual Studio Version 17
VisualStudioVersion = 17.7.34018.315
MinimumVisualStudioVersion = 10.0.40219.1
Project("{2150E333-8FDC-42A3-9474-1A3956D46DE8}") = "gRPC", "gRPC", "{FECD3753-89B6-4954-87F9-FA248F04AF1D}"
EndProject
Project("{2150E333-8FDC-42A3-9474-1A3956D46DE8}") = "HTTP", "HTTP", "{FA76467F-11B8-4FD1-903D-FAFA3262B13D}"
EndProject
Project("{2150E333-8FDC-42A3-9474-1A3956D46DE8}") = "MessageBroker", "MessageBroker", "{9DA77E2B-BFD8-4DBE-8EA6-6C274C5CCEEB}"
EndProject
Project("{9A19103F-16F7-4668-BE54-9A1E7A4F7556}") = "Service2", "Service2\Service2.csproj", "{4F95BD8E-CBC1-412C-9836-46A6D5064E3C}"
EndProject
Project("{9A19103F-16F7-4668-BE54-9A1E7A4F7556}") = "Service1", "ConsoleApp1\Service1.csproj", "{905ECF6B-834A-4AF6-8809-C10E4A1E1E17}"
EndProject
Project("{9A19103F-16F7-4668-BE54-9A1E7A4F7556}") = "gRPCService1", "gRPCService1\gRPCService1.csproj", "{73EF29B3-EB4E-428D-995D-B8D7C383C4FC}"
EndProject
Project("{9A19103F-16F7-4668-BE54-9A1E7A4F7556}") = "gRPCService2", "gRPCService2\gRPCService2.csproj", "{114A7443-1FE9-4D0A-9401-E003BF7F31FB}"
EndProject
Project("{FAE04EC0-301F-11D3-BF4B-00C04F79EFBC}") = "MbService1", "MbService1\MbService1.csproj", "{3DD3C092-969D-4A42-954F-59CA8BFA793F}"
EndProject
Project("{FAE04EC0-301F-11D3-BF4B-00C04F79EFBC}") = "MbService2", "MbService2\MbService2.csproj", "{5EF6B59C-AEAE-4029-9951-CF53DD47054F}"
EndProject
Global
	GlobalSection(SolutionConfigurationPlatforms) = preSolution
		Debug|Any CPU = Debug|Any CPU
		Release|Any CPU = Release|Any CPU
	EndGlobalSection
	GlobalSection(ProjectConfigurationPlatforms) = postSolution
		{4F95BD8E-CBC1-412C-9836-46A6D5064E3C}.Debug|Any CPU.ActiveCfg = Debug|Any CPU
		{4F95BD8E-CBC1-412C-9836-46A6D5064E3C}.Debug|Any CPU.Build.0 = Debug|Any CPU
		{4F95BD8E-CBC1-412C-9836-46A6D5064E3C}.Release|Any CPU.ActiveCfg = Release|Any CPU
		{4F95BD8E-CBC1-412C-9836-46A6D5064E3C}.Release|Any CPU.Build.0 = Release|Any CPU
		{905ECF6B-834A-4AF6-8809-C10E4A1E1E17}.Debug|Any CPU.ActiveCfg = Debug|Any CPU
		{905ECF6B-834A-4AF6-8809-C10E4A1E1E17}.Debug|Any CPU.Build.0 = Debug|Any CPU
		{905ECF6B-834A-4AF6-8809-C10E4A1E1E17}.Release|Any CPU.ActiveCfg = Release|Any CPU
		{905ECF6B-834A-4AF6-8809-C10E4A1E1E17}.Release|Any CPU.Build.0 = Release|Any CPU
		{73EF29B3-EB4E-428D-995D-B8D7C383C4FC}.Debug|Any CPU.ActiveCfg = Debug|Any CPU
		{73EF29B3-EB4E-428D-995D-B8D7C383C4FC}.Debug|Any CPU.Build.0 = Debug|Any CPU
		{73EF29B3-EB4E-428D-995D-B8D7C383C4FC}.Release|Any CPU.ActiveCfg = Release|Any CPU
		{73EF29B3-EB4E-428D-995D-B8D7C383C4FC}.Release|Any CPU.Build.0 = Release|Any CPU
		{114A7443-1FE9-4D0A-9401-E003BF7F31FB}.Debug|Any CPU.ActiveCfg = Debug|Any CPU
		{114A7443-1FE9-4D0A-9401-E003BF7F31FB}.Debug|Any CPU.Build.0 = Debug|Any CPU
		{114A7443-1FE9-4D0A-9401-E003BF7F31FB}.Release|Any CPU.ActiveCfg = Release|Any CPU
		{114A7443-1FE9-4D0A-9401-E003BF7F31FB}.Release|Any CPU.Build.0 = Release|Any CPU
		{3DD3C092-969D-4A42-954F-59CA8BFA793F}.Debug|Any CPU.ActiveCfg = Debug|Any CPU
		{3DD3C092-969D-4A42-954F-59CA8BFA793F}.Debug|Any CPU.Build.0 = Debug|Any CPU
		{3DD3C092-969D-4A42-954F-59CA8BFA793F}.Release|Any CPU.ActiveCfg = Release|Any CPU
		{3DD3C092-969D-4A42-954F-59CA8BFA793F}.Release|Any CPU.Build.0 = Release|Any CPU
		{5EF6B59C-AEAE-4029-9951-CF53DD47054F}.Debug|Any CPU.ActiveCfg = Debug|Any CPU
		{5EF6B59C-AEAE-4029-9951-CF53DD47054F}.Debug|Any CPU.Build.0 = Debug|Any CPU
		{5EF6B59C-AEAE-4029-9951-CF53DD47054F}.Release|Any CPU.ActiveCfg = Release|Any CPU
		{5EF6B59C-AEAE-4029-9951-CF53DD47054F}.Release|Any CPU.Build.0 = Release|Any CPU
	EndGlobalSection
	GlobalSection(SolutionProperties) = preSolution
		HideSolutionNode = FALSE
	EndGlobalSection
	GlobalSection(NestedProjects) = preSolution
		{4F95BD8E-CBC1-412C-9836-46A6D5064E3C} = {FA76467F-11B8-4FD1-903D-FAFA3262B13D}
		{905ECF6B-834A-4AF6-8809-C10E4A1E1E17} = {FA76467F-11B8-4FD1-903D-FAFA3262B13D}
		{73EF29B3-EB4E-428D-995D-B8D7C383C4FC} = {FECD3753-89B6-4954-87F9-FA248F04AF1D}
		{114A7443-1FE9-4D0A-9401-E003BF7F31FB} = {FECD3753-89B6-4954-87F9-FA248F04AF1D}
		{3DD3C092-969D-4A42-954F-59CA8BFA793F} = {9DA77E2B-BFD8-4DBE-8EA6-6C274C5CCEEB}
		{5EF6B59C-AEAE-4029-9951-CF53DD47054F} = {9DA77E2B-BFD8-4DBE-8EA6-6C274C5CCEEB}
	EndGlobalSection
	GlobalSection(ExtensibilityGlobals) = postSolution
		SolutionGuid = {14130B21-74F9-4EFD-B978-B51B91A08466}
	EndGlobalSection
EndGlobal
